<?xml version="1.0" encoding="utf-8"?>
<Project ToolsVersion="4.0" xmlns="http://schemas.microsoft.com/developer/msbuild/2003">
  <ItemGroup>
    <Filter Include="소스 파일">
      <UniqueIdentifier>{4FC737F1-C7A5-4376-A066-2A32D752A2FF}</UniqueIdentifier>
      <Extensions>cpp;c;cc;cxx;c++;cppm;ixx;def;odl;idl;hpj;bat;asm;asmx</Extensions>
    </Filter>
    <Filter Include="헤더 파일">
      <UniqueIdentifier>{93995380-89BD-4b04-88EB-625FBE52EBFB}</UniqueIdentifier>
      <Extensions>h;hh;hpp;hxx;h++;hm;inl;inc;ipp;xsd</Extensions>
    </Filter>
    <Filter Include="리소스 파일">
      <UniqueIdentifier>{67DA6AB6-F800-4c08-8B7A-83BB121AAD01}</UniqueIdentifier>
      <Extensions>rc;ico;cur;bmp;dlg;rc2;rct;bin;rgs;gif;jpg;jpeg;jpe;resx;tiff;tif;png;wav;mfcribbon-ms</Extensions>
    </Filter>
    <Filter Include="소스 파일\Core">
      <UniqueIdentifier>{d871876d-60f5-47c9-bb78-a30e0f80aff9}</UniqueIdentifier>
    </Filter>
    <Filter Include="헤더 파일\Core">
      <UniqueIdentifier>{d57a1af9-9d06-41b6-8095-bed05e63fe9b}</UniqueIdentifier>
    </Filter>
    <Filter Include="소스 파일\FrameResources">
      <UniqueIdentifier>{e1fa0499-32b3-4ed5-a761-0122a55ccbf1}</UniqueIdentifier>
    </Filter>
    <Filter Include="헤더 파일\FrameResources">
      <UniqueIdentifier>{8eaea42d-5082-4ca9-90aa-acac16be76f6}</UniqueIdentifier>
    </Filter>
    <Filter Include="HLSL">
      <UniqueIdentifier>{342b4530-b5b1-4264-9fc2-9a9c8ed714d8}</UniqueIdentifier>
    </Filter>
    <Filter Include="헤더 파일\Objects">
      <UniqueIdentifier>{73a910ba-729d-4a71-8ac3-7dd6ec6f3e4d}</UniqueIdentifier>
    </Filter>
    <Filter Include="소스 파일\Objects">
      <UniqueIdentifier>{6d758720-b606-4021-840f-f83ac5da6132}</UniqueIdentifier>
    </Filter>
    <Filter Include="소스 파일\Meshes">
      <UniqueIdentifier>{a6e80082-f87b-468c-9da0-1ed03fde3af1}</UniqueIdentifier>
    </Filter>
    <Filter Include="헤더 파일\Meshes">
      <UniqueIdentifier>{0d3b197a-0c4b-4292-8a5f-b125c79a3393}</UniqueIdentifier>
    </Filter>
  </ItemGroup>
  <ItemGroup>
    <ClInclude Include="framework.h">
      <Filter>헤더 파일</Filter>
    </ClInclude>
    <ClInclude Include="targetver.h">
      <Filter>헤더 파일</Filter>
    </ClInclude>
    <ClInclude Include="Resource.h">
      <Filter>헤더 파일</Filter>
    </ClInclude>
    <ClInclude Include="DirectX11ToyProject.h">
      <Filter>헤더 파일</Filter>
    </ClInclude>
    <ClInclude Include="App.h">
      <Filter>헤더 파일</Filter>
    </ClInclude>
    <ClInclude Include="FrameResources\OutputMerger.h">
      <Filter>헤더 파일\FrameResources</Filter>
    </ClInclude>
    <ClInclude Include="FrameResources\Shader.h">
      <Filter>헤더 파일\FrameResources</Filter>
    </ClInclude>
    <ClInclude Include="Objects\Object.h">
      <Filter>헤더 파일\Objects</Filter>
    </ClInclude>
    <ClInclude Include="Objects\Camera.h">
      <Filter>헤더 파일\Objects</Filter>
    </ClInclude>
    <ClInclude Include="Objects\Player.h">
      <Filter>헤더 파일\Objects</Filter>
    </ClInclude>
    <ClInclude Include="FrameResources\FrameResourcesManager.h">
      <Filter>헤더 파일\FrameResources</Filter>
    </ClInclude>
    <ClInclude Include="FrameResources\FrameResource.h">
      <Filter>헤더 파일\FrameResources</Filter>
    </ClInclude>
    <ClInclude Include="Core\DeviceManager.h">
      <Filter>헤더 파일\Core</Filter>
    </ClInclude>
    <ClInclude Include="Core\SwapChainManager.h">
      <Filter>헤더 파일\Core</Filter>
    </ClInclude>
    <ClInclude Include="FrameResources\ColorShader.h">
      <Filter>헤더 파일\FrameResources</Filter>
    </ClInclude>
    <ClInclude Include="Meshes\BoxMesh.h">
      <Filter>헤더 파일\Meshes</Filter>
    </ClInclude>
    <ClInclude Include="Meshes\Mesh.h">
      <Filter>헤더 파일\Meshes</Filter>
    </ClInclude>
    <ClInclude Include="Meshes\MeshesManager.h">
      <Filter>헤더 파일\Meshes</Filter>
    </ClInclude>
    <ClInclude Include="Meshes\Vertices.h">
      <Filter>헤더 파일\Meshes</Filter>
    </ClInclude>
    <ClInclude Include="Objects\ObjectsManager.h">
      <Filter>헤더 파일\Objects</Filter>
    </ClInclude>
    <ClInclude Include="Objects\MovableObject.h">
      <Filter>헤더 파일\Objects</Filter>
    </ClInclude>
    <ClInclude Include="FrameResources\IncludeHandler.h">
      <Filter>헤더 파일\FrameResources</Filter>
    </ClInclude>
    <ClInclude Include="Objects\BoxObject.h">
      <Filter>헤더 파일\Objects</Filter>
    </ClInclude>
    <ClInclude Include="Core\TimerManager.h">
      <Filter>헤더 파일\Core</Filter>
    </ClInclude>
    <ClInclude Include="Core\DebugLog.h">
      <Filter>헤더 파일\Core</Filter>
    </ClInclude>
    <ClInclude Include="Meshes\OBJMesh.h">
      <Filter>헤더 파일\Meshes</Filter>
    </ClInclude>
    <ClInclude Include="FrameResources\BumpMappingShader.h">
      <Filter>헤더 파일\FrameResources</Filter>
    </ClInclude>
    <ClInclude Include="Objects\DeferredRenderingSecondPass.h">
      <Filter>헤더 파일\Objects</Filter>
    </ClInclude>
    <ClInclude Include="FrameResources\SecondPassShader.h">
      <Filter>헤더 파일\FrameResources</Filter>
    </ClInclude>
    <ClInclude Include="Objects\LightsManager.h">
      <Filter>헤더 파일\Objects</Filter>
    </ClInclude>
    <ClInclude Include="Meshes\SkySphereMesh.h">
      <Filter>헤더 파일\Meshes</Filter>
    </ClInclude>
    <ClInclude Include="Meshes\TextureMesh.h">
      <Filter>헤더 파일\Meshes</Filter>
    </ClInclude>
    <ClInclude Include="Objects\SkySphereObject.h">
      <Filter>헤더 파일\Objects</Filter>
    </ClInclude>
    <ClInclude Include="FrameResources\SkySphereShader.h">
      <Filter>헤더 파일\FrameResources</Filter>
    </ClInclude>
  </ItemGroup>
  <ItemGroup>
    <ClCompile Include="DirectX11ToyProject.cpp">
      <Filter>소스 파일</Filter>
    </ClCompile>
    <ClCompile Include="App.cpp">
      <Filter>소스 파일</Filter>
    </ClCompile>
    <ClCompile Include="FrameResources\OutputMerger.cpp">
      <Filter>소스 파일\FrameResources</Filter>
    </ClCompile>
    <ClCompile Include="FrameResources\Shader.cpp">
      <Filter>소스 파일\FrameResources</Filter>
    </ClCompile>
    <ClCompile Include="Objects\Object.cpp">
      <Filter>소스 파일\Objects</Filter>
    </ClCompile>
    <ClCompile Include="Objects\Camera.cpp">
      <Filter>소스 파일\Objects</Filter>
    </ClCompile>
    <ClCompile Include="Objects\Player.cpp">
      <Filter>소스 파일\Objects</Filter>
    </ClCompile>
    <ClCompile Include="FrameResources\FrameResourcesManager.cpp">
      <Filter>소스 파일\FrameResources</Filter>
    </ClCompile>
    <ClCompile Include="FrameResources\FrameResource.cpp">
      <Filter>소스 파일\FrameResources</Filter>
    </ClCompile>
    <ClCompile Include="Core\DeviceManager.cpp">
      <Filter>소스 파일\Core</Filter>
    </ClCompile>
    <ClCompile Include="Core\SwapChainManager.cpp">
      <Filter>소스 파일\Core</Filter>
    </ClCompile>
    <ClCompile Include="FrameResources\ColorShader.cpp">
      <Filter>소스 파일\FrameResources</Filter>
    </ClCompile>
    <ClCompile Include="Meshes\BoxMesh.cpp">
      <Filter>소스 파일\Meshes</Filter>
    </ClCompile>
    <ClCompile Include="Meshes\Mesh.cpp">
      <Filter>소스 파일\Meshes</Filter>
    </ClCompile>
    <ClCompile Include="Meshes\MeshesManager.cpp">
      <Filter>소스 파일\Meshes</Filter>
    </ClCompile>
    <ClCompile Include="Objects\ObjectsManager.cpp">
      <Filter>소스 파일\Objects</Filter>
    </ClCompile>
    <ClCompile Include="Objects\MovableObject.cpp">
      <Filter>소스 파일\Objects</Filter>
    </ClCompile>
    <ClCompile Include="Objects\BoxObject.cpp">
      <Filter>소스 파일\Objects</Filter>
    </ClCompile>
    <ClCompile Include="Core\TimerManager.cpp">
      <Filter>소스 파일\Core</Filter>
    </ClCompile>
    <ClCompile Include="Core\DebugLog.cpp">
      <Filter>소스 파일\Core</Filter>
    </ClCompile>
    <ClCompile Include="Meshes\OBJMesh.cpp">
      <Filter>소스 파일\Meshes</Filter>
    </ClCompile>
    <ClCompile Include="FrameResources\BumpMappingShader.cpp">
      <Filter>소스 파일\FrameResources</Filter>
    </ClCompile>
    <ClCompile Include="Objects\DeferredRenderingSecondPass.cpp">
      <Filter>소스 파일\Objects</Filter>
    </ClCompile>
    <ClCompile Include="FrameResources\SecondPassShader.cpp">
      <Filter>소스 파일\FrameResources</Filter>
    </ClCompile>
    <ClCompile Include="Objects\LightsManager.cpp">
      <Filter>소스 파일\Objects</Filter>
    </ClCompile>
    <ClCompile Include="Meshes\SkySphereMesh.cpp">
      <Filter>소스 파일\Meshes</Filter>
    </ClCompile>
    <ClCompile Include="Meshes\TextureMesh.cpp">
      <Filter>소스 파일\Meshes</Filter>
    </ClCompile>
    <ClCompile Include="Objects\SkySphereObject.cpp">
      <Filter>소스 파일\Objects</Filter>
    </ClCompile>
    <ClCompile Include="FrameResources\SkySphereShader.cpp">
      <Filter>소스 파일\FrameResources</Filter>
    </ClCompile>
  </ItemGroup>
  <ItemGroup>
    <ResourceCompile Include="DirectX11ToyProject.rc">
      <Filter>리소스 파일</Filter>
    </ResourceCompile>
  </ItemGroup>
  <ItemGroup>
    <Image Include="small.ico">
      <Filter>리소스 파일</Filter>
    </Image>
    <Image Include="DirectX11ToyProject.ico">
      <Filter>리소스 파일</Filter>
    </Image>
  </ItemGroup>
  <ItemGroup>
    <FxCompile Include="HLSL\Color.hlsl">
      <Filter>HLSL</Filter>
    </FxCompile>
    <FxCompile Include="HLSL\BumpMapping.hlsl">
      <Filter>HLSL</Filter>
    </FxCompile>
    <FxCompile Include="HLSL\SecondPass.hlsl">
      <Filter>HLSL</Filter>
    </FxCompile>
    <FxCompile Include="HLSL\SkySphere.hlsl">
      <Filter>HLSL</Filter>
    </FxCompile>
  </ItemGroup>
  <ItemGroup>
    <None Include="HLSL\Header.hlsli">
      <Filter>HLSL</Filter>
    </None>
  </ItemGroup>
</Project>